
Microsoft Visual Studio Solution File, Format Version 12.00
# Visual Studio 2012
Project("{FAE04EC0-301F-11D3-BF4B-00C04F79EFBC}") = "FaceRecognitionDemo", "FaceRecognitionDemo\FaceRecognitionDemo.csproj", "{B88043CF-D86E-4B63-9A53-83D495047FB4}"
EndProject
Project("{8BC9CEB8-8B4A-11D0-8D11-00A0C91BC942}") = "FaceVerificationDLL", "FaceVerificationDLL\FaceVerificationDLL.vcxproj", "{3CD55E88-37A7-47EC-A696-4977F02997BF}"
EndProject
Project("{8BC9CEB8-8B4A-11D0-8D11-00A0C91BC942}") = "DLLTest", "DLLTest\DLLTest.vcxproj", "{CD629770-E0F3-4F14-A9FF-976CFCB065A6}"
EndProject
Global
	GlobalSection(SolutionConfigurationPlatforms) = preSolution
		Debug|Any CPU = Debug|Any CPU
		Debug|Mixed Platforms = Debug|Mixed Platforms
		Debug|Win32 = Debug|Win32
		Release|Any CPU = Release|Any CPU
		Release|Mixed Platforms = Release|Mixed Platforms
		Release|Win32 = Release|Win32
	EndGlobalSection
	GlobalSection(ProjectConfigurationPlatforms) = postSolution
		{B88043CF-D86E-4B63-9A53-83D495047FB4}.Debug|Any CPU.ActiveCfg = Debug|Any CPU
		{B88043CF-D86E-4B63-9A53-83D495047FB4}.Debug|Any CPU.Build.0 = Debug|Any CPU
		{B88043CF-D86E-4B63-9A53-83D495047FB4}.Debug|Mixed Platforms.ActiveCfg = Debug|Any CPU
		{B88043CF-D86E-4B63-9A53-83D495047FB4}.Debug|Mixed Platforms.Build.0 = Debug|Any CPU
		{B88043CF-D86E-4B63-9A53-83D495047FB4}.Debug|Win32.ActiveCfg = Debug|Any CPU
		{B88043CF-D86E-4B63-9A53-83D495047FB4}.Release|Any CPU.ActiveCfg = Release|Any CPU
		{B88043CF-D86E-4B63-9A53-83D495047FB4}.Release|Any CPU.Build.0 = Release|Any CPU
		{B88043CF-D86E-4B63-9A53-83D495047FB4}.Release|Mixed Platforms.ActiveCfg = Release|Any CPU
		{B88043CF-D86E-4B63-9A53-83D495047FB4}.Release|Mixed Platforms.Build.0 = Release|Any CPU
		{B88043CF-D86E-4B63-9A53-83D495047FB4}.Release|Win32.ActiveCfg = Release|Any CPU
		{3CD55E88-37A7-47EC-A696-4977F02997BF}.Debug|Any CPU.ActiveCfg = Debug|Win32
		{3CD55E88-37A7-47EC-A696-4977F02997BF}.Debug|Mixed Platforms.ActiveCfg = Debug|Win32
		{3CD55E88-37A7-47EC-A696-4977F02997BF}.Debug|Mixed Platforms.Build.0 = Debug|Win32
		{3CD55E88-37A7-47EC-A696-4977F02997BF}.Debug|Win32.ActiveCfg = Debug|Win32
		{3CD55E88-37A7-47EC-A696-4977F02997BF}.Debug|Win32.Build.0 = Debug|Win32
		{3CD55E88-37A7-47EC-A696-4977F02997BF}.Release|Any CPU.ActiveCfg = Release|Win32
		{3CD55E88-37A7-47EC-A696-4977F02997BF}.Release|Mixed Platforms.ActiveCfg = Release|Win32
		{3CD55E88-37A7-47EC-A696-4977F02997BF}.Release|Mixed Platforms.Build.0 = Release|Win32
		{3CD55E88-37A7-47EC-A696-4977F02997BF}.Release|Win32.ActiveCfg = Release|Win32
		{3CD55E88-37A7-47EC-A696-4977F02997BF}.Release|Win32.Build.0 = Release|Win32
		{CD629770-E0F3-4F14-A9FF-976CFCB065A6}.Debug|Any CPU.ActiveCfg = Debug|Win32
		{CD629770-E0F3-4F14-A9FF-976CFCB065A6}.Debug|Mixed Platforms.ActiveCfg = Debug|Win32
		{CD629770-E0F3-4F14-A9FF-976CFCB065A6}.Debug|Mixed Platforms.Build.0 = Debug|Win32
		{CD629770-E0F3-4F14-A9FF-976CFCB065A6}.Debug|Win32.ActiveCfg = Debug|Win32
		{CD629770-E0F3-4F14-A9FF-976CFCB065A6}.Debug|Win32.Build.0 = Debug|Win32
		{CD629770-E0F3-4F14-A9FF-976CFCB065A6}.Release|Any CPU.ActiveCfg = Release|Win32
		{CD629770-E0F3-4F14-A9FF-976CFCB065A6}.Release|Mixed Platforms.ActiveCfg = Release|Win32
		{CD629770-E0F3-4F14-A9FF-976CFCB065A6}.Release|Mixed Platforms.Build.0 = Release|Win32
		{CD629770-E0F3-4F14-A9FF-976CFCB065A6}.Release|Win32.ActiveCfg = Release|Win32
		{CD629770-E0F3-4F14-A9FF-976CFCB065A6}.Release|Win32.Build.0 = Release|Win32
	EndGlobalSection
	GlobalSection(SolutionProperties) = preSolution
		HideSolutionNode = FALSE
	EndGlobalSection
EndGlobal
